{
  "nodes": {
    "cachecache": {
      "inputs": {
        "nixpkgs": "nixpkgs",
        "utils": "utils"
      },
      "locked": {
        "lastModified": 1603733758,
        "narHash": "sha256-sFs85Rap0afZPlEJOW0H/UhK2GXOr8ikRDTKEMPycyU=",
        "owner": "cleverca22",
        "repo": "cachecache",
        "rev": "342b890ee88d22432edcab452fe70a675ee2fb23",
        "type": "github"
      },
      "original": {
        "owner": "cleverca22",
        "repo": "cachecache",
        "type": "github"
      }
    },
    "hydra": {
      "inputs": {
        "nix": "nix",
        "nixpkgs": [
          "hydra",
          "nix",
          "nixpkgs"
        ]
      },
      "locked": {
        "lastModified": 1644859757,
        "narHash": "sha256-OJScO9NZ6D7cF5WrGeMCumgiNWIYSrt5nsNmvuRffSs=",
        "owner": "input-output-hk",
        "repo": "hydra",
        "rev": "80abb2ba230b098c2f3ee1967092224f7b20ef07",
        "type": "github"
      },
      "original": {
        "owner": "input-output-hk",
        "ref": "nixUnstable",
        "repo": "hydra",
        "type": "github"
      }
    },
    "lowdown-src": {
      "flake": false,
      "locked": {
        "lastModified": 1633514407,
        "narHash": "sha256-Dw32tiMjdK9t3ETl5fzGrutQTzh2rufgZV4A/BbxuD4=",
        "owner": "kristapsdz",
        "repo": "lowdown",
        "rev": "d2c2b44ff6c27b936ec27358a2653caaef8f73b8",
        "type": "github"
      },
      "original": {
        "owner": "kristapsdz",
        "repo": "lowdown",
        "type": "github"
      }
    },
    "nix": {
      "inputs": {
        "lowdown-src": "lowdown-src",
        "nixpkgs": "nixpkgs_2",
        "nixpkgs-regression": "nixpkgs-regression"
      },
      "locked": {
        "lastModified": 1644835208,
        "narHash": "sha256-W2OKI1N4HEK9IOhhKSlcrmlbRhzbl2NB5QOo0Mlb+fQ=",
        "owner": "NixOS",
        "repo": "nix",
        "rev": "744a101a36696f39653400b76a6c9f6ba9bcbad8",
        "type": "github"
      },
      "original": {
        "owner": "NixOS",
        "repo": "nix",
        "type": "github"
      }
    },
    "nixpkgs": {
      "locked": {
        "lastModified": 1603729585,
        "narHash": "sha256-LrPPGqmqYhY2Ew/KyVAuEclcCETAB/RZ0zm/hPXjaP0=",
        "owner": "NixOS",
        "repo": "nixpkgs",
        "rev": "a7a1447e5d40a9ad90983d33e151f5474eddeed9",
        "type": "github"
      },
      "original": {
        "id": "nixpkgs",
        "type": "indirect"
      }
    },
    "nixpkgs-regression": {
      "locked": {
        "lastModified": 1643052045,
        "narHash": "sha256-uGJ0VXIhWKGXxkeNnq4TvV3CIOkUJ3PAoLZ3HMzNVMw=",
        "owner": "NixOS",
        "repo": "nixpkgs",
        "rev": "215d4d0fd80ca5163643b03a33fde804a29cc1e2",
        "type": "github"
      },
      "original": {
        "id": "nixpkgs",
        "rev": "215d4d0fd80ca5163643b03a33fde804a29cc1e2",
        "type": "indirect"
      }
    },
    "nixpkgs_2": {
      "locked": {
        "lastModified": 1632864508,
        "narHash": "sha256-d127FIvGR41XbVRDPVvozUPQ/uRHbHwvfyKHwEt5xFM=",
        "owner": "NixOS",
        "repo": "nixpkgs",
        "rev": "82891b5e2c2359d7e58d08849e4c89511ab94234",
        "type": "github"
      },
      "original": {
        "id": "nixpkgs",
        "ref": "nixos-21.05-small",
        "type": "indirect"
      }
    },
    "root": {
      "inputs": {
        "cachecache": "cachecache",
        "hydra": "hydra"
      }
    },
    "utils": {
      "locked": {
        "lastModified": 1601282935,
        "narHash": "sha256-WQAFV6sGGQxrRs3a+/Yj9xUYvhTpukQJIcMbIi7LCJ4=",
        "owner": "numtide",
        "repo": "flake-utils",
        "rev": "588973065fce51f4763287f0fda87a174d78bf48",
        "type": "github"
      },
      "original": {
        "owner": "numtide",
        "repo": "flake-utils",
        "type": "github"
      }
    }
  },
  "root": "root",
  "version": 7
}
