{
  "nodes": {
    "cachecache": {
      "inputs": {
        "nixpkgs": "nixpkgs",
        "utils": "utils"
      },
      "locked": {
        "lastModified": 1603733758,
        "narHash": "sha256-sFs85Rap0afZPlEJOW0H/UhK2GXOr8ikRDTKEMPycyU=",
        "owner": "cleverca22",
        "repo": "cachecache",
        "rev": "342b890ee88d22432edcab452fe70a675ee2fb23",
        "type": "github"
      },
      "original": {
        "owner": "cleverca22",
        "repo": "cachecache",
        "type": "github"
      }
    },
    "flake-compat": {
      "flake": false,
      "locked": {
        "lastModified": 1650374568,
        "narHash": "sha256-Z+s0J8/r907g149rllvwhb4pKi8Wam5ij0st8PwAh+E=",
        "owner": "edolstra",
        "repo": "flake-compat",
        "rev": "b4a34015c698c7793d592d66adbab377907a2be8",
        "type": "github"
      },
      "original": {
        "owner": "edolstra",
        "repo": "flake-compat",
        "type": "github"
      }
    },
    "flake-parts": {
      "inputs": {
        "nixpkgs-lib": "nixpkgs-lib"
      },
      "locked": {
        "lastModified": 1665512413,
        "narHash": "sha256-IeuXVWD+VkmdVdC3d2i7mdEWhNSEvc2GUdui09zAGpE=",
        "owner": "hercules-ci",
        "repo": "flake-parts",
        "rev": "08ce9a42392cf8c7fdabf7c51069381ba5455dc7",
        "type": "github"
      },
      "original": {
        "owner": "hercules-ci",
        "repo": "flake-parts",
        "type": "github"
      }
    },
    "flake-utils": {
      "locked": {
        "lastModified": 1659877975,
        "narHash": "sha256-zllb8aq3YO3h8B/U0/J1WBgAL8EX5yWf5pMj3G0NAmc=",
        "owner": "numtide",
        "repo": "flake-utils",
        "rev": "c0e246b9b83f637f4681389ecabcb2681b4f3af0",
        "type": "github"
      },
      "original": {
        "owner": "numtide",
        "repo": "flake-utils",
        "type": "github"
      }
    },
    "hydra": {
      "inputs": {
        "nix": "nix",
        "nixpkgs": [
          "hydra",
          "nix",
          "nixpkgs"
        ]
      },
      "locked": {
        "lastModified": 1644948313,
        "narHash": "sha256-7lBS88sEic/c5CiMBqWZEw768iSP3Ytt4EEr942qIpc=",
        "owner": "input-output-hk",
        "repo": "hydra",
        "rev": "e49dd9c221117cf42661dfc45df163b4435110c8",
        "type": "github"
      },
      "original": {
        "owner": "input-output-hk",
        "ref": "nixUnstable",
        "repo": "hydra",
        "type": "github"
      }
    },
    "lowdown-src": {
      "flake": false,
      "locked": {
        "lastModified": 1633514407,
        "narHash": "sha256-Dw32tiMjdK9t3ETl5fzGrutQTzh2rufgZV4A/BbxuD4=",
        "owner": "kristapsdz",
        "repo": "lowdown",
        "rev": "d2c2b44ff6c27b936ec27358a2653caaef8f73b8",
        "type": "github"
      },
      "original": {
        "owner": "kristapsdz",
        "repo": "lowdown",
        "type": "github"
      }
    },
    "napalm": {
      "inputs": {
        "flake-utils": "flake-utils",
        "nixpkgs": [
          "openziti",
          "nixpkgs"
        ]
      },
      "locked": {
        "lastModified": 1665439851,
        "narHash": "sha256-ezMpWttCJIyNIdC/MAu7ese5FXwRI4STR86AtfcHitk=",
        "owner": "nix-community",
        "repo": "napalm",
        "rev": "f9b0ab8b71f8566d492450591f0422a9ec47710c",
        "type": "github"
      },
      "original": {
        "owner": "nix-community",
        "repo": "napalm",
        "type": "github"
      }
    },
    "nix": {
      "inputs": {
        "lowdown-src": "lowdown-src",
        "nixpkgs": "nixpkgs_2",
        "nixpkgs-regression": "nixpkgs-regression"
      },
      "locked": {
        "lastModified": 1644835208,
        "narHash": "sha256-W2OKI1N4HEK9IOhhKSlcrmlbRhzbl2NB5QOo0Mlb+fQ=",
        "owner": "NixOS",
        "repo": "nix",
        "rev": "744a101a36696f39653400b76a6c9f6ba9bcbad8",
        "type": "github"
      },
      "original": {
        "owner": "NixOS",
        "repo": "nix",
        "type": "github"
      }
    },
    "nixpkgs": {
      "locked": {
        "lastModified": 1603729585,
        "narHash": "sha256-LrPPGqmqYhY2Ew/KyVAuEclcCETAB/RZ0zm/hPXjaP0=",
        "owner": "NixOS",
        "repo": "nixpkgs",
        "rev": "a7a1447e5d40a9ad90983d33e151f5474eddeed9",
        "type": "github"
      },
      "original": {
        "id": "nixpkgs",
        "type": "indirect"
      }
    },
    "nixpkgs-lib": {
      "locked": {
        "dir": "lib",
        "lastModified": 1665349835,
        "narHash": "sha256-UK4urM3iN80UXQ7EaOappDzcisYIuEURFRoGQ/yPkug=",
        "owner": "NixOS",
        "repo": "nixpkgs",
        "rev": "34c5293a71ffdb2fe054eb5288adc1882c1eb0b1",
        "type": "github"
      },
      "original": {
        "dir": "lib",
        "owner": "NixOS",
        "ref": "nixos-unstable",
        "repo": "nixpkgs",
        "type": "github"
      }
    },
    "nixpkgs-regression": {
      "locked": {
        "lastModified": 1643052045,
        "narHash": "sha256-uGJ0VXIhWKGXxkeNnq4TvV3CIOkUJ3PAoLZ3HMzNVMw=",
        "owner": "NixOS",
        "repo": "nixpkgs",
        "rev": "215d4d0fd80ca5163643b03a33fde804a29cc1e2",
        "type": "github"
      },
      "original": {
        "id": "nixpkgs",
        "rev": "215d4d0fd80ca5163643b03a33fde804a29cc1e2",
        "type": "indirect"
      }
    },
    "nixpkgs_2": {
      "locked": {
        "lastModified": 1632864508,
        "narHash": "sha256-d127FIvGR41XbVRDPVvozUPQ/uRHbHwvfyKHwEt5xFM=",
        "owner": "NixOS",
        "repo": "nixpkgs",
        "rev": "82891b5e2c2359d7e58d08849e4c89511ab94234",
        "type": "github"
      },
      "original": {
        "id": "nixpkgs",
        "ref": "nixos-21.05-small",
        "type": "indirect"
      }
    },
    "nixpkgs_3": {
      "locked": {
        "lastModified": 1665003617,
        "narHash": "sha256-EXkCo9uMi/aGybJ+fhJuCw9mZyyOg24C4d8HrJ/QyFA=",
        "owner": "NixOS",
        "repo": "nixpkgs",
        "rev": "a989aa4619162ff37bcbb8c2fb1e502658647fb2",
        "type": "github"
      },
      "original": {
        "owner": "NixOS",
        "repo": "nixpkgs",
        "type": "github"
      }
    },
    "openziti": {
      "inputs": {
        "flake-compat": "flake-compat",
        "flake-parts": "flake-parts",
        "napalm": "napalm",
        "nixpkgs": "nixpkgs_3",
        "zitiConsole": "zitiConsole"
      },
      "locked": {
        "lastModified": 1666036276,
        "narHash": "sha256-EL9qNXDKBRUwYFq0PPUU4KUCPAklB5ySJwFOEkYS19w=",
        "owner": "johnalotoski",
        "repo": "openziti-bins",
        "rev": "c375ffaabae30f1da3f5ea6e6b8dc0a822b70c8a",
        "type": "github"
      },
      "original": {
        "owner": "johnalotoski",
        "repo": "openziti-bins",
        "type": "github"
      }
    },
    "root": {
      "inputs": {
        "cachecache": "cachecache",
        "hydra": "hydra",
        "openziti": "openziti"
      }
    },
    "utils": {
      "locked": {
        "lastModified": 1601282935,
        "narHash": "sha256-WQAFV6sGGQxrRs3a+/Yj9xUYvhTpukQJIcMbIi7LCJ4=",
        "owner": "numtide",
        "repo": "flake-utils",
        "rev": "588973065fce51f4763287f0fda87a174d78bf48",
        "type": "github"
      },
      "original": {
        "owner": "numtide",
        "repo": "flake-utils",
        "type": "github"
      }
    },
    "zitiConsole": {
      "flake": false,
      "locked": {
        "lastModified": 1664801756,
        "narHash": "sha256-GPiVECt7+zHkIb1KgnqJCjeHoAqG7RAyv+l57laHYiU=",
        "owner": "openziti",
        "repo": "ziti-console",
        "rev": "f289bb36b8ad2910e63c28bb26e8e30179a62de6",
        "type": "github"
      },
      "original": {
        "owner": "openziti",
        "repo": "ziti-console",
        "type": "github"
      }
    }
  },
  "root": "root",
  "version": 7
}
