version: 2.0
shards:
  crest:
    git: https://github.com/mamantoha/crest.git
    version: 0.25.0

  db:
    git: https://github.com/crystal-lang/crystal-db.git
    version: 0.9.0

  deep-merge:
    git: https://github.com/peterhoeg/deep-merge.cr.git
    version: 0.1.0+git.commit.5832aa704c85f8ba562a702a38df490be12f08fb

  http-client-digest_auth:
    git: https://github.com/mamantoha/http-client-digest_auth.git
    version: 0.3.0

  pg:
    git: https://github.com/will/crystal-pg.git
    version: 0.21.0

